// !$*UTF8*$!
{
	archiveVersion = 1;
	classes = {
	};
	objectVersion = 46;
	objects = {

/* Begin PBXBuildFile section */
		21D1DCE51CEAFB45001DE4DB /* main.m in Sources */ = {isa = PBXBuildFile; fileRef = 21D1DCE41CEAFB45001DE4DB /* main.m */; };
		21D1DCE81CEAFB45001DE4DB /* AppDelegate.m in Sources */ = {isa = PBXBuildFile; fileRef = 21D1DCE71CEAFB45001DE4DB /* AppDelegate.m */; };
		21D1DCEB1CEAFB45001DE4DB /* ViewController.m in Sources */ = {isa = PBXBuildFile; fileRef = 21D1DCEA1CEAFB45001DE4DB /* ViewController.m */; };
		21D1DCEE1CEAFB45001DE4DB /* Main.storyboard in Resources */ = {isa = PBXBuildFile; fileRef = 21D1DCEC1CEAFB45001DE4DB /* Main.storyboard */; };
		21D1DCF01CEAFB45001DE4DB /* Assets.xcassets in Resources */ = {isa = PBXBuildFile; fileRef = 21D1DCEF1CEAFB45001DE4DB /* Assets.xcassets */; };
		21D1DCF31CEAFB45001DE4DB /* LaunchScreen.storyboard in Resources */ = {isa = PBXBuildFile; fileRef = 21D1DCF11CEAFB45001DE4DB /* LaunchScreen.storyboard */; };
/* End PBXBuildFile section */

/* Begin PBXFileReference section */
		21D1DCE01CEAFB45001DE4DB /* 1_MVVMDemo.app */ = {isa = PBXFileReference; explicitFileType = wrapper.application; includeInIndex = 0; path = 1_MVVMDemo.app; sourceTree = BUILT_PRODUCTS_DIR; };
		21D1DCE41CEAFB45001DE4DB /* main.m */ = {isa = PBXFileReference; lastKnownFileType = sourcecode.c.objc; path = main.m; sourceTree = "<group>"; };
		21D1DCE61CEAFB45001DE4DB /* AppDelegate.h */ = {isa = PBXFileReference; lastKnownFileType = sourcecode.c.h; path = AppDelegate.h; sourceTree = "<group>"; };
		21D1DCE71CEAFB45001DE4DB /* AppDelegate.m */ = {isa = PBXFileReference; lastKnownFileType = sourcecode.c.objc; path = AppDelegate.m; sourceTree = "<group>"; };
		21D1DCE91CEAFB45001DE4DB /* ViewController.h */ = {isa = PBXFileReference; lastKnownFileType = sourcecode.c.h; path = ViewController.h; sourceTree = "<group>"; };
		21D1DCEA1CEAFB45001DE4DB /* ViewController.m */ = {isa = PBXFileReference; lastKnownFileType = sourcecode.c.objc; path = ViewController.m; sourceTree = "<group>"; };
		21D1DCED1CEAFB45001DE4DB /* Base */ = {isa = PBXFileReference; lastKnownFileType = file.storyboard; name = Base; path = Base.lproj/Main.storyboard; sourceTree = "<group>"; };
		21D1DCEF1CEAFB45001DE4DB /* Assets.xcassets */ = {isa = PBXFileReference; lastKnownFileType = folder.assetcatalog; path = Assets.xcassets; sourceTree = "<group>"; };
		21D1DCF21CEAFB45001DE4DB /* Base */ = {isa = PBXFileReference; lastKnownFileType = file.storyboard; name = Base; path = Base.lproj/LaunchScreen.storyboard; sourceTree = "<group>"; };
		21D1DCF41CEAFB45001DE4DB /* Info.plist */ = {isa = PBXFileReference; lastKnownFileType = text.plist.xml; path = Info.plist; sourceTree = "<group>"; };
/* End PBXFileReference section */

/* Begin PBXFrameworksBuildPhase section */
		21D1DCDD1CEAFB45001DE4DB /* Frameworks */ = {
			isa = PBXFrameworksBuildPhase;
			buildActionMask = 2147483647;
			files = (
			);
			runOnlyForDeploymentPostprocessing = 0;
		};
/* End PBXFrameworksBuildPhase section */

/* Begin PBXGroup section */
		21D1DCD71CEAFB45001DE4DB = {
			isa = PBXGroup;
			children = (
				21D1DCE21CEAFB45001DE4DB /* 1_MVVMDemo */,
				21D1DCE11CEAFB45001DE4DB /* Products */,
			);
			sourceTree = "<group>";
		};
		21D1DCE11CEAFB45001DE4DB /* Products */ = {
			isa = PBXGroup;
			children = (
				21D1DCE01CEAFB45001DE4DB /* 1_MVVMDemo.app */,
			);
			name = Products;
			sourceTree = "<group>";
		};
		21D1DCE21CEAFB45001DE4DB /* 1_MVVMDemo */ = {
			isa = PBXGroup;
			children = (
				21D1DCE61CEAFB45001DE4DB /* AppDelegate.h */,
				21D1DCE71CEAFB45001DE4DB /* AppDelegate.m */,
				21D1DCE91CEAFB45001DE4DB /* ViewController.h */,
				21D1DCEA1CEAFB45001DE4DB /* ViewController.m */,
				21D1DCEC1CEAFB45001DE4DB /* Main.storyboard */,
				21D1DCEF1CEAFB45001DE4DB /* Assets.xcassets */,
				21D1DCF11CEAFB45001DE4DB /* LaunchScreen.storyboard */,
				21D1DCF41CEAFB45001DE4DB /* Info.plist */,
				21D1DCE31CEAFB45001DE4DB /* Supporting Files */,
			);
			path = 1_MVVMDemo;
			sourceTree = "<group>";
		};
		21D1DCE31CEAFB45001DE4DB /* Supporting Files */ = {
			isa = PBXGroup;
			children = (
				21D1DCE41CEAFB45001DE4DB /* main.m */,
			);
			name = "Supporting Files";
			sourceTree = "<group>";
		};
/* End PBXGroup section */

/* Begin PBXNativeTarget section */
		21D1DCDF1CEAFB45001DE4DB /* 1_MVVMDemo */ = {
			isa = PBXNativeTarget;
			buildConfigurationList = 21D1DCF71CEAFB45001DE4DB /* Build configuration list for PBXNativeTarget "1_MVVMDemo" */;
			buildPhases = (
				21D1DCDC1CEAFB45001DE4DB /* Sources */,
				21D1DCDD1CEAFB45001DE4DB /* Frameworks */,
				21D1DCDE1CEAFB45001DE4DB /* Resources */,
			);
			buildRules = (
			);
			dependencies = (
			);
			name = 1_MVVMDemo;
			productName = 1_MVVMDemo;
			productReference = 21D1DCE01CEAFB45001DE4DB /* 1_MVVMDemo.app */;
			productType = "com.apple.product-type.application";
		};
/* End PBXNativeTarget section */

/* Begin PBXProject section */
		21D1DCD81CEAFB45001DE4DB /* Project object */ = {
			isa = PBXProject;
			attributes = {
				LastUpgradeCheck = 0730;
				ORGANIZATIONNAME = wushangkun;
				TargetAttributes = {
					21D1DCDF1CEAFB45001DE4DB = {
						CreatedOnToolsVersion = 7.3;
					};
				};
			};
			buildConfigurationList = 21D1DCDB1CEAFB45001DE4DB /* Build configuration list for PBXProject "1_MVVMDemo" */;
			compatibilityVersion = "Xcode 3.2";
			developmentRegion = English;
			hasScannedForEncodings = 0;
			knownRegions = (
				en,
				Base,
			);
			mainGroup = 21D1DCD71CEAFB45001DE4DB;
			productRefGroup = 21D1DCE11CEAFB45001DE4DB /* Products */;
			projectDirPath = "";
			projectRoot = "";
			targets = (
				21D1DCDF1CEAFB45001DE4DB /* 1_MVVMDemo */,
			);
		};
/* End PBXProject section */

/* Begin PBXResourcesBuildPhase section */
		21D1DCDE1CEAFB45001DE4DB /* Resources */ = {
			isa = PBXResourcesBuildPhase;
			buildActionMask = 2147483647;
			files = (
				21D1DCF31CEAFB45001DE4DB /* LaunchScreen.storyboard in Resources */,
				21D1DCF01CEAFB45001DE4DB /* Assets.xcassets in Resources */,
				21D1DCEE1CEAFB45001DE4DB /* Main.storyboard in Resources */,
			);
			runOnlyForDeploymentPostprocessing = 0;
		};
/* End PBXResourcesBuildPhase section */

/* Begin PBXSourcesBuildPhase section */
		21D1DCDC1CEAFB45001DE4DB /* Sources */ = {
			isa = PBXSourcesBuildPhase;
			buildActionMask = 2147483647;
			files = (
				21D1DCEB1CEAFB45001DE4DB /* ViewController.m in Sources */,
				21D1DCE81CEAFB45001DE4DB /* AppDelegate.m in Sources */,
				21D1DCE51CEAFB45001DE4DB /* main.m in Sources */,
			);
			runOnlyForDeploymentPostprocessing = 0;
		};
/* End PBXSourcesBuildPhase section */

/* Begin PBXVariantGroup section */
		21D1DCEC1CEAFB45001DE4DB /* Main.storyboard */ = {
			isa = PBXVariantGroup;
			children = (
				21D1DCED1CEAFB45001DE4DB /* Base */,
			);
			name = Main.storyboard;
			sourceTree = "<group>";
		};
		21D1DCF11CEAFB45001DE4DB /* LaunchScreen.storyboard */ = {
			isa = PBXVariantGroup;
			children = (
				21D1DCF21CEAFB45001DE4DB /* Base */,
			);
			name = LaunchScreen.storyboard;
			sourceTree = "<group>";
		};
/* End PBXVariantGroup section */

/* Begin XCBuildConfiguration section */
		21D1DCF51CEAFB45001DE4DB /* Debug */ = {
			isa = XCBuildConfiguration;
			buildSettings = {
				ALWAYS_SEARCH_USER_PATHS = NO;
				CLANG_ANALYZER_NONNULL = YES;
				CLANG_CXX_LANGUAGE_STANDARD = "gnu++0x";
				CLANG_CXX_LIBRARY = "libc++";
				CLANG_ENABLE_MODULES = YES;
				CLANG_ENABLE_OBJC_ARC = YES;
				CLANG_WARN_BOOL_CONVERSION = YES;
				CLANG_WARN_CONSTANT_CONVERSION = YES;
				CLANG_WARN_DIRECT_OBJC_ISA_USAGE = YES_ERROR;
				CLANG_WARN_EMPTY_BODY = YES;
				CLANG_WARN_ENUM_CONVERSION = YES;
				CLANG_WARN_INT_CONVERSION = YES;
				CLANG_WARN_OBJC_ROOT_CLASS = YES_ERROR;
				CLANG_WARN_UNREACHABLE_CODE = YES;
				CLANG_WARN__DUPLICATE_METHOD_MATCH = YES;
				"CODE_SIGN_IDENTITY[sdk=iphoneos*]" = "iPhone Developer";
				COPY_PHASE_STRIP = NO;
				DEBUG_INFORMATION_FORMAT = dwarf;
				ENABLE_STRICT_OBJC_MSGSEND = YES;
				ENABLE_TESTABILITY = YES;
				GCC_C_LANGUAGE_STANDARD = gnu99;
				GCC_DYNAMIC_NO_PIC = NO;
				GCC_NO_COMMON_BLOCKS = YES;
				GCC_OPTIMIZATION_LEVEL = 0;
				GCC_PREPROCESSOR_DEFINITIONS = (
					"DEBUG=1",
					"$(inherited)",
				);
				GCC_WARN_64_TO_32_BIT_CONVERSION = YES;
				GCC_WARN_ABOUT_RETURN_TYPE = YES_ERROR;
				GCC_WARN_UNDECLARED_SELECTOR = YES;
				GCC_WARN_UNINITIALIZED_AUTOS = YES_AGGRESSIVE;
				GCC_WARN_UNUSED_FUNCTION = YES;
				GCC_WARN_UNUSED_VARIABLE = YES;
				IPHONEOS_DEPLOYMENT_TARGET = 9.3;
				MTL_ENABLE_DEBUG_INFO = YES;
				ONLY_ACTIVE_ARCH = YES;
				SDKROOT = iphoneos;
			};
			name = Debug;
		};
		21D1DCF61CEAFB45001DE4DB /* Release */ = {
			isa = XCBuildConfiguration;
			buildSettings = {
				ALWAYS_SEARCH_USER_PATHS = NO;
				CLANG_ANALYZER_NONNULL = YES;
				CLANG_CXX_LANGUAGE_STANDARD = "gnu++0x";
				CLANG_CXX_LIBRARY = "libc++";
				CLANG_ENABLE_MODULES = YES;
				CLANG_ENABLE_OBJC_ARC = YES;
				CLANG_WARN_BOOL_CONVERSION = YES;
				CLANG_WARN_CONSTANT_CONVERSION = YES;
				CLANG_WARN_DIRECT_OBJC_ISA_USAGE = YES_ERROR;
				CLANG_WARN_EMPTY_BODY = YES;
				CLANG_WARN_ENUM_CONVERSION = YES;
				CLANG_WARN_INT_CONVERSION = YES;
				CLANG_WARN_OBJC_ROOT_CLASS = YES_ERROR;
				CLANG_WARN_UNREACHABLE_CODE = YES;
				CLANG_WARN__DUPLICATE_METHOD_MATCH = YES;
				"CODE_SIGN_IDENTITY[sdk=iphoneos*]" = "iPhone Developer";
				COPY_PHASE_STRIP = NO;
				DEBUG_INFORMATION_FORMAT = "dwarf-with-dsym";
				ENABLE_NS_ASSERTIONS = NO;
				ENABLE_STRICT_OBJC_MSGSEND = YES;
				GCC_C_LANGUAGE_STANDARD = gnu99;
				GCC_NO_COMMON_BLOCKS = YES;
				GCC_WARN_64_TO_32_BIT_CONVERSION = YES;
				GCC_WARN_ABOUT_RETURN_TYPE = YES_ERROR;
				GCC_WARN_UNDECLARED_SELECTOR = YES;
				GCC_WARN_UNINITIALIZED_AUTOS = YES_AGGRESSIVE;
				GCC_WARN_UNUSED_FUNCTION = YES;
				GCC_WARN_UNUSED_VARIABLE = YES;
				IPHONEOS_DEPLOYMENT_TARGET = 9.3;
				MTL_ENABLE_DEBUG_INFO = NO;
				SDKROOT = iphoneos;
				VALIDATE_PRODUCT = YES;
			};
			name = Release;
		};
		21D1DCF81CEAFB45001DE4DB /* Debug */ = {
			isa = XCBuildConfiguration;
			buildSettings = {
				ASSETCATALOG_COMPILER_APPICON_NAME = AppIcon;
				INFOPLIST_FILE = 1_MVVMDemo/Info.plist;
				LD_RUNPATH_SEARCH_PATHS = "$(inherited) @executable_path/Frameworks";
				PRODUCT_BUNDLE_IDENTIFIER = "J1.--MVVMDemo";
				PRODUCT_NAME = "$(TARGET_NAME)";
			};
			name = Debug;
		};
		21D1DCF91CEAFB45001DE4DB /* Release */ = {
			isa = XCBuildConfiguration;
			buildSettings = {
				ASSETCATALOG_COMPILER_APPICON_NAME = AppIcon;
				INFOPLIST_FILE = 1_MVVMDemo/Info.plist;
				LD_RUNPATH_SEARCH_PATHS = "$(inherited) @executable_path/Frameworks";
				PRODUCT_BUNDLE_IDENTIFIER = "J1.--MVVMDemo";
				PRODUCT_NAME = "$(TARGET_NAME)";
			};
			name = Release;
		};
/* End XCBuildConfiguration section */

/* Begin XCConfigurationList section */
		21D1DCDB1CEAFB45001DE4DB /* Build configuration list for PBXProject "1_MVVMDemo" */ = {
			isa = XCConfigurationList;
			buildConfigurations = (
				21D1DCF51CEAFB45001DE4DB /* Debug */,
				21D1DCF61CEAFB45001DE4DB /* Release */,
			);
			defaultConfigurationIsVisible = 0;
			defaultConfigurationName = Release;
		};
		21D1DCF71CEAFB45001DE4DB /* Build configuration list for PBXNativeTarget "1_MVVMDemo" */ = {
			isa = XCConfigurationList;
			buildConfigurations = (
				21D1DCF81CEAFB45001DE4DB /* Debug */,
				21D1DCF91CEAFB45001DE4DB /* Release */,
			);
			defaultConfigurationIsVisible = 0;
		};
/* End XCConfigurationList section */
	};
	rootObject = 21D1DCD81CEAFB45001DE4DB /* Project object */;
}
