// !$*UTF8*$!
{
	archiveVersion = 1;
	classes = {
	};
	objectVersion = 46;
	objects = {

/* Begin PBXBuildFile section */
		21D1DCE51CEAFB45001DE4DB /* main.m in Sources */ = {isa = PBXBuildFile; fileRef = 21D1DCE41CEAFB45001DE4DB /* main.m */; };
		21D1DCE81CEAFB45001DE4DB /* AppDelegate.m in Sources */ = {isa = PBXBuildFile; fileRef = 21D1DCE71CEAFB45001DE4DB /* AppDelegate.m */; };
		21D1DCEB1CEAFB45001DE4DB /* ViewController.m in Sources */ = {isa = PBXBuildFile; fileRef = 21D1DCEA1CEAFB45001DE4DB /* ViewController.m */; };
		21D1DCEE1CEAFB45001DE4DB /* Main.storyboard in Resources */ = {isa = PBXBuildFile; fileRef = 21D1DCEC1CEAFB45001DE4DB /* Main.storyboard */; };
		21D1DCF01CEAFB45001DE4DB /* Assets.xcassets in Resources */ = {isa = PBXBuildFile; fileRef = 21D1DCEF1CEAFB45001DE4DB /* Assets.xcassets */; };
		21D1DCF31CEAFB45001DE4DB /* LaunchScreen.storyboard in Resources */ = {isa = PBXBuildFile; fileRef = 21D1DCF11CEAFB45001DE4DB /* LaunchScreen.storyboard */; };
		21D1DD081CEB01C1001DE4DB /* HYViewController.m in Sources */ = {isa = PBXBuildFile; fileRef = 21D1DD071CEB01C1001DE4DB /* HYViewController.m */; };
		21D1DD0F1CEB03DA001DE4DB /* HomeViewController.m in Sources */ = {isa = PBXBuildFile; fileRef = 21D1DD0E1CEB03DA001DE4DB /* HomeViewController.m */; };
		21D1DD131CEB07EB001DE4DB /* TableViewDataSource.m in Sources */ = {isa = PBXBuildFile; fileRef = 21D1DD121CEB07EB001DE4DB /* TableViewDataSource.m */; };
		21D1DD161CEB0809001DE4DB /* TableViewDelegate.m in Sources */ = {isa = PBXBuildFile; fileRef = 21D1DD151CEB0809001DE4DB /* TableViewDelegate.m */; };
		21D1DD1A1CEB13BF001DE4DB /* HomeViewModel.m in Sources */ = {isa = PBXBuildFile; fileRef = 21D1DD191CEB13BF001DE4DB /* HomeViewModel.m */; };
		21D1DD1E1CEB13E4001DE4DB /* HomeTableViewCell.m in Sources */ = {isa = PBXBuildFile; fileRef = 21D1DD1C1CEB13E4001DE4DB /* HomeTableViewCell.m */; };
		21D1DD1F1CEB13E4001DE4DB /* HomeTableViewCell.xib in Resources */ = {isa = PBXBuildFile; fileRef = 21D1DD1D1CEB13E4001DE4DB /* HomeTableViewCell.xib */; };
		21D1DD261CEB1539001DE4DB /* HYNetworking.m in Sources */ = {isa = PBXBuildFile; fileRef = 21D1DD251CEB1539001DE4DB /* HYNetworking.m */; };
/* End PBXBuildFile section */

/* Begin PBXFileReference section */
		21D1DCE01CEAFB45001DE4DB /* 1_MVVMDemo.app */ = {isa = PBXFileReference; explicitFileType = wrapper.application; includeInIndex = 0; path = 1_MVVMDemo.app; sourceTree = BUILT_PRODUCTS_DIR; };
		21D1DCE41CEAFB45001DE4DB /* main.m */ = {isa = PBXFileReference; lastKnownFileType = sourcecode.c.objc; path = main.m; sourceTree = "<group>"; };
		21D1DCE61CEAFB45001DE4DB /* AppDelegate.h */ = {isa = PBXFileReference; lastKnownFileType = sourcecode.c.h; path = AppDelegate.h; sourceTree = "<group>"; };
		21D1DCE71CEAFB45001DE4DB /* AppDelegate.m */ = {isa = PBXFileReference; lastKnownFileType = sourcecode.c.objc; path = AppDelegate.m; sourceTree = "<group>"; };
		21D1DCE91CEAFB45001DE4DB /* ViewController.h */ = {isa = PBXFileReference; lastKnownFileType = sourcecode.c.h; name = ViewController.h; path = ../ViewController.h; sourceTree = "<group>"; };
		21D1DCEA1CEAFB45001DE4DB /* ViewController.m */ = {isa = PBXFileReference; lastKnownFileType = sourcecode.c.objc; name = ViewController.m; path = ../ViewController.m; sourceTree = "<group>"; };
		21D1DCED1CEAFB45001DE4DB /* Base */ = {isa = PBXFileReference; lastKnownFileType = file.storyboard; name = Base; path = Base.lproj/Main.storyboard; sourceTree = "<group>"; };
		21D1DCEF1CEAFB45001DE4DB /* Assets.xcassets */ = {isa = PBXFileReference; lastKnownFileType = folder.assetcatalog; name = Assets.xcassets; path = ../Assets.xcassets; sourceTree = "<group>"; };
		21D1DCF21CEAFB45001DE4DB /* Base */ = {isa = PBXFileReference; lastKnownFileType = file.storyboard; name = Base; path = Base.lproj/LaunchScreen.storyboard; sourceTree = "<group>"; };
		21D1DCF41CEAFB45001DE4DB /* Info.plist */ = {isa = PBXFileReference; lastKnownFileType = text.plist.xml; name = Info.plist; path = ../Info.plist; sourceTree = "<group>"; };
		21D1DD061CEB01C1001DE4DB /* HYViewController.h */ = {isa = PBXFileReference; fileEncoding = 4; lastKnownFileType = sourcecode.c.h; path = HYViewController.h; sourceTree = "<group>"; };
		21D1DD071CEB01C1001DE4DB /* HYViewController.m */ = {isa = PBXFileReference; fileEncoding = 4; lastKnownFileType = sourcecode.c.objc; path = HYViewController.m; sourceTree = "<group>"; };
		21D1DD0D1CEB03DA001DE4DB /* HomeViewController.h */ = {isa = PBXFileReference; fileEncoding = 4; lastKnownFileType = sourcecode.c.h; path = HomeViewController.h; sourceTree = "<group>"; };
		21D1DD0E1CEB03DA001DE4DB /* HomeViewController.m */ = {isa = PBXFileReference; fileEncoding = 4; lastKnownFileType = sourcecode.c.objc; path = HomeViewController.m; sourceTree = "<group>"; };
		21D1DD111CEB07EB001DE4DB /* TableViewDataSource.h */ = {isa = PBXFileReference; fileEncoding = 4; lastKnownFileType = sourcecode.c.h; path = TableViewDataSource.h; sourceTree = "<group>"; };
		21D1DD121CEB07EB001DE4DB /* TableViewDataSource.m */ = {isa = PBXFileReference; fileEncoding = 4; lastKnownFileType = sourcecode.c.objc; path = TableViewDataSource.m; sourceTree = "<group>"; };
		21D1DD141CEB0809001DE4DB /* TableViewDelegate.h */ = {isa = PBXFileReference; fileEncoding = 4; lastKnownFileType = sourcecode.c.h; path = TableViewDelegate.h; sourceTree = "<group>"; };
		21D1DD151CEB0809001DE4DB /* TableViewDelegate.m */ = {isa = PBXFileReference; fileEncoding = 4; lastKnownFileType = sourcecode.c.objc; path = TableViewDelegate.m; sourceTree = "<group>"; };
		21D1DD171CEB0840001DE4DB /* MVVMDemo.pch */ = {isa = PBXFileReference; fileEncoding = 4; lastKnownFileType = sourcecode.c.h; path = MVVMDemo.pch; sourceTree = "<group>"; };
		21D1DD181CEB13BF001DE4DB /* HomeViewModel.h */ = {isa = PBXFileReference; fileEncoding = 4; lastKnownFileType = sourcecode.c.h; path = HomeViewModel.h; sourceTree = "<group>"; };
		21D1DD191CEB13BF001DE4DB /* HomeViewModel.m */ = {isa = PBXFileReference; fileEncoding = 4; lastKnownFileType = sourcecode.c.objc; path = HomeViewModel.m; sourceTree = "<group>"; };
		21D1DD1B1CEB13E4001DE4DB /* HomeTableViewCell.h */ = {isa = PBXFileReference; fileEncoding = 4; lastKnownFileType = sourcecode.c.h; path = HomeTableViewCell.h; sourceTree = "<group>"; };
		21D1DD1C1CEB13E4001DE4DB /* HomeTableViewCell.m */ = {isa = PBXFileReference; fileEncoding = 4; lastKnownFileType = sourcecode.c.objc; path = HomeTableViewCell.m; sourceTree = "<group>"; };
		21D1DD1D1CEB13E4001DE4DB /* HomeTableViewCell.xib */ = {isa = PBXFileReference; fileEncoding = 4; lastKnownFileType = file.xib; path = HomeTableViewCell.xib; sourceTree = "<group>"; };
		21D1DD241CEB1539001DE4DB /* HYNetworking.h */ = {isa = PBXFileReference; fileEncoding = 4; lastKnownFileType = sourcecode.c.h; path = HYNetworking.h; sourceTree = "<group>"; };
		21D1DD251CEB1539001DE4DB /* HYNetworking.m */ = {isa = PBXFileReference; fileEncoding = 4; lastKnownFileType = sourcecode.c.objc; path = HYNetworking.m; sourceTree = "<group>"; };
/* End PBXFileReference section */

/* Begin PBXFrameworksBuildPhase section */
		21D1DCDD1CEAFB45001DE4DB /* Frameworks */ = {
			isa = PBXFrameworksBuildPhase;
			buildActionMask = 2147483647;
			files = (
			);
			runOnlyForDeploymentPostprocessing = 0;
		};
/* End PBXFrameworksBuildPhase section */

/* Begin PBXGroup section */
		21D1DCD71CEAFB45001DE4DB = {
			isa = PBXGroup;
			children = (
				21D1DCE21CEAFB45001DE4DB /* 1_MVVMDemo */,
				21D1DCE31CEAFB45001DE4DB /* Supporting Files */,
				21D1DCE11CEAFB45001DE4DB /* Products */,
			);
			sourceTree = "<group>";
		};
		21D1DCE11CEAFB45001DE4DB /* Products */ = {
			isa = PBXGroup;
			children = (
				21D1DCE01CEAFB45001DE4DB /* 1_MVVMDemo.app */,
			);
			name = Products;
			sourceTree = "<group>";
		};
		21D1DCE21CEAFB45001DE4DB /* 1_MVVMDemo */ = {
			isa = PBXGroup;
			children = (
				21D1DCE61CEAFB45001DE4DB /* AppDelegate.h */,
				21D1DCE71CEAFB45001DE4DB /* AppDelegate.m */,
				21D1DCFA1CEB0021001DE4DB /* Controller */,
				21D1DD001CEB0021001DE4DB /* ViewModel */,
				21D1DCFF1CEB0021001DE4DB /* View */,
				21D1DCFB1CEB0021001DE4DB /* Model */,
				21D1DD101CEB07A5001DE4DB /* TableViewProtocol */,
				21D1DD011CEB00FC001DE4DB /* Expand */,
				21D1DCFE1CEB0021001DE4DB /* Vender */,
				21D1DCFD1CEB0021001DE4DB /* Resource */,
				21D1DCFC1CEB0021001DE4DB /* Other */,
			);
			path = 1_MVVMDemo;
			sourceTree = "<group>";
		};
		21D1DCE31CEAFB45001DE4DB /* Supporting Files */ = {
			isa = PBXGroup;
			children = (
				21D1DCE41CEAFB45001DE4DB /* main.m */,
			);
			name = "Supporting Files";
			path = 1_MVVMDemo;
			sourceTree = "<group>";
		};
		21D1DCFA1CEB0021001DE4DB /* Controller */ = {
			isa = PBXGroup;
			children = (
				21D1DD0D1CEB03DA001DE4DB /* HomeViewController.h */,
				21D1DD0E1CEB03DA001DE4DB /* HomeViewController.m */,
			);
			path = Controller;
			sourceTree = "<group>";
		};
		21D1DCFB1CEB0021001DE4DB /* Model */ = {
			isa = PBXGroup;
			children = (
			);
			path = Model;
			sourceTree = "<group>";
		};
		21D1DCFC1CEB0021001DE4DB /* Other */ = {
			isa = PBXGroup;
			children = (
				21D1DCE91CEAFB45001DE4DB /* ViewController.h */,
				21D1DCEA1CEAFB45001DE4DB /* ViewController.m */,
				21D1DCEC1CEAFB45001DE4DB /* Main.storyboard */,
				21D1DCEF1CEAFB45001DE4DB /* Assets.xcassets */,
				21D1DCF11CEAFB45001DE4DB /* LaunchScreen.storyboard */,
				21D1DCF41CEAFB45001DE4DB /* Info.plist */,
				21D1DD171CEB0840001DE4DB /* MVVMDemo.pch */,
			);
			path = Other;
			sourceTree = "<group>";
		};
		21D1DCFD1CEB0021001DE4DB /* Resource */ = {
			isa = PBXGroup;
			children = (
			);
			path = Resource;
			sourceTree = "<group>";
		};
		21D1DCFE1CEB0021001DE4DB /* Vender */ = {
			isa = PBXGroup;
			children = (
			);
			path = Vender;
			sourceTree = "<group>";
		};
		21D1DCFF1CEB0021001DE4DB /* View */ = {
			isa = PBXGroup;
			children = (
				21D1DD1B1CEB13E4001DE4DB /* HomeTableViewCell.h */,
				21D1DD1C1CEB13E4001DE4DB /* HomeTableViewCell.m */,
				21D1DD1D1CEB13E4001DE4DB /* HomeTableViewCell.xib */,
			);
			path = View;
			sourceTree = "<group>";
		};
		21D1DD001CEB0021001DE4DB /* ViewModel */ = {
			isa = PBXGroup;
			children = (
				21D1DD181CEB13BF001DE4DB /* HomeViewModel.h */,
				21D1DD191CEB13BF001DE4DB /* HomeViewModel.m */,
			);
			path = ViewModel;
			sourceTree = "<group>";
		};
		21D1DD011CEB00FC001DE4DB /* Expand */ = {
			isa = PBXGroup;
			children = (
				21D1DD021CEB00FC001DE4DB /* Common */,
				21D1DD031CEB00FC001DE4DB /* Marcros */,
				21D1DD041CEB00FC001DE4DB /* Network */,
				21D1DD051CEB00FC001DE4DB /* Tool */,
			);
			path = Expand;
			sourceTree = "<group>";
		};
		21D1DD021CEB00FC001DE4DB /* Common */ = {
			isa = PBXGroup;
			children = (
				21D1DD061CEB01C1001DE4DB /* HYViewController.h */,
				21D1DD071CEB01C1001DE4DB /* HYViewController.m */,
			);
			path = Common;
			sourceTree = "<group>";
		};
		21D1DD031CEB00FC001DE4DB /* Marcros */ = {
			isa = PBXGroup;
			children = (
			);
			path = Marcros;
			sourceTree = "<group>";
		};
		21D1DD041CEB00FC001DE4DB /* Network */ = {
			isa = PBXGroup;
			children = (
				21D1DD241CEB1539001DE4DB /* HYNetworking.h */,
				21D1DD251CEB1539001DE4DB /* HYNetworking.m */,
			);
			path = Network;
			sourceTree = "<group>";
		};
		21D1DD051CEB00FC001DE4DB /* Tool */ = {
			isa = PBXGroup;
			children = (
			);
			path = Tool;
			sourceTree = "<group>";
		};
		21D1DD101CEB07A5001DE4DB /* TableViewProtocol */ = {
			isa = PBXGroup;
			children = (
				21D1DD111CEB07EB001DE4DB /* TableViewDataSource.h */,
				21D1DD121CEB07EB001DE4DB /* TableViewDataSource.m */,
				21D1DD141CEB0809001DE4DB /* TableViewDelegate.h */,
				21D1DD151CEB0809001DE4DB /* TableViewDelegate.m */,
			);
			path = TableViewProtocol;
			sourceTree = "<group>";
		};
/* End PBXGroup section */

/* Begin PBXNativeTarget section */
		21D1DCDF1CEAFB45001DE4DB /* 1_MVVMDemo */ = {
			isa = PBXNativeTarget;
			buildConfigurationList = 21D1DCF71CEAFB45001DE4DB /* Build configuration list for PBXNativeTarget "1_MVVMDemo" */;
			buildPhases = (
				21D1DCDC1CEAFB45001DE4DB /* Sources */,
				21D1DCDD1CEAFB45001DE4DB /* Frameworks */,
				21D1DCDE1CEAFB45001DE4DB /* Resources */,
			);
			buildRules = (
			);
			dependencies = (
			);
			name = 1_MVVMDemo;
			productName = 1_MVVMDemo;
			productReference = 21D1DCE01CEAFB45001DE4DB /* 1_MVVMDemo.app */;
			productType = "com.apple.product-type.application";
		};
/* End PBXNativeTarget section */

/* Begin PBXProject section */
		21D1DCD81CEAFB45001DE4DB /* Project object */ = {
			isa = PBXProject;
			attributes = {
				LastUpgradeCheck = 0730;
				ORGANIZATIONNAME = wushangkun;
				TargetAttributes = {
					21D1DCDF1CEAFB45001DE4DB = {
						CreatedOnToolsVersion = 7.3;
					};
				};
			};
			buildConfigurationList = 21D1DCDB1CEAFB45001DE4DB /* Build configuration list for PBXProject "1_MVVMDemo" */;
			compatibilityVersion = "Xcode 3.2";
			developmentRegion = English;
			hasScannedForEncodings = 0;
			knownRegions = (
				en,
				Base,
			);
			mainGroup = 21D1DCD71CEAFB45001DE4DB;
			productRefGroup = 21D1DCE11CEAFB45001DE4DB /* Products */;
			projectDirPath = "";
			projectRoot = "";
			targets = (
				21D1DCDF1CEAFB45001DE4DB /* 1_MVVMDemo */,
			);
		};
/* End PBXProject section */

/* Begin PBXResourcesBuildPhase section */
		21D1DCDE1CEAFB45001DE4DB /* Resources */ = {
			isa = PBXResourcesBuildPhase;
			buildActionMask = 2147483647;
			files = (
				21D1DCF31CEAFB45001DE4DB /* LaunchScreen.storyboard in Resources */,
				21D1DCF01CEAFB45001DE4DB /* Assets.xcassets in Resources */,
				21D1DD1F1CEB13E4001DE4DB /* HomeTableViewCell.xib in Resources */,
				21D1DCEE1CEAFB45001DE4DB /* Main.storyboard in Resources */,
			);
			runOnlyForDeploymentPostprocessing = 0;
		};
/* End PBXResourcesBuildPhase section */

/* Begin PBXSourcesBuildPhase section */
		21D1DCDC1CEAFB45001DE4DB /* Sources */ = {
			isa = PBXSourcesBuildPhase;
			buildActionMask = 2147483647;
			files = (
				21D1DD161CEB0809001DE4DB /* TableViewDelegate.m in Sources */,
				21D1DD131CEB07EB001DE4DB /* TableViewDataSource.m in Sources */,
				21D1DCEB1CEAFB45001DE4DB /* ViewController.m in Sources */,
				21D1DD081CEB01C1001DE4DB /* HYViewController.m in Sources */,
				21D1DD261CEB1539001DE4DB /* HYNetworking.m in Sources */,
				21D1DCE81CEAFB45001DE4DB /* AppDelegate.m in Sources */,
				21D1DD1E1CEB13E4001DE4DB /* HomeTableViewCell.m in Sources */,
				21D1DD0F1CEB03DA001DE4DB /* HomeViewController.m in Sources */,
				21D1DCE51CEAFB45001DE4DB /* main.m in Sources */,
				21D1DD1A1CEB13BF001DE4DB /* HomeViewModel.m in Sources */,
			);
			runOnlyForDeploymentPostprocessing = 0;
		};
/* End PBXSourcesBuildPhase section */

/* Begin PBXVariantGroup section */
		21D1DCEC1CEAFB45001DE4DB /* Main.storyboard */ = {
			isa = PBXVariantGroup;
			children = (
				21D1DCED1CEAFB45001DE4DB /* Base */,
			);
			name = Main.storyboard;
			path = ..;
			sourceTree = "<group>";
		};
		21D1DCF11CEAFB45001DE4DB /* LaunchScreen.storyboard */ = {
			isa = PBXVariantGroup;
			children = (
				21D1DCF21CEAFB45001DE4DB /* Base */,
			);
			name = LaunchScreen.storyboard;
			path = ..;
			sourceTree = "<group>";
		};
/* End PBXVariantGroup section */

/* Begin XCBuildConfiguration section */
		21D1DCF51CEAFB45001DE4DB /* Debug */ = {
			isa = XCBuildConfiguration;
			buildSettings = {
				ALWAYS_SEARCH_USER_PATHS = NO;
				CLANG_ANALYZER_NONNULL = YES;
				CLANG_CXX_LANGUAGE_STANDARD = "gnu++0x";
				CLANG_CXX_LIBRARY = "libc++";
				CLANG_ENABLE_MODULES = YES;
				CLANG_ENABLE_OBJC_ARC = YES;
				CLANG_WARN_BOOL_CONVERSION = YES;
				CLANG_WARN_CONSTANT_CONVERSION = YES;
				CLANG_WARN_DIRECT_OBJC_ISA_USAGE = YES_ERROR;
				CLANG_WARN_EMPTY_BODY = YES;
				CLANG_WARN_ENUM_CONVERSION = YES;
				CLANG_WARN_INT_CONVERSION = YES;
				CLANG_WARN_OBJC_ROOT_CLASS = YES_ERROR;
				CLANG_WARN_UNREACHABLE_CODE = YES;
				CLANG_WARN__DUPLICATE_METHOD_MATCH = YES;
				"CODE_SIGN_IDENTITY[sdk=iphoneos*]" = "iPhone Developer";
				COPY_PHASE_STRIP = NO;
				DEBUG_INFORMATION_FORMAT = dwarf;
				ENABLE_STRICT_OBJC_MSGSEND = YES;
				ENABLE_TESTABILITY = YES;
				GCC_C_LANGUAGE_STANDARD = gnu99;
				GCC_DYNAMIC_NO_PIC = NO;
				GCC_NO_COMMON_BLOCKS = YES;
				GCC_OPTIMIZATION_LEVEL = 0;
				GCC_PREPROCESSOR_DEFINITIONS = (
					"DEBUG=1",
					"$(inherited)",
				);
				GCC_WARN_64_TO_32_BIT_CONVERSION = YES;
				GCC_WARN_ABOUT_RETURN_TYPE = YES_ERROR;
				GCC_WARN_UNDECLARED_SELECTOR = YES;
				GCC_WARN_UNINITIALIZED_AUTOS = YES_AGGRESSIVE;
				GCC_WARN_UNUSED_FUNCTION = YES;
				GCC_WARN_UNUSED_VARIABLE = YES;
				IPHONEOS_DEPLOYMENT_TARGET = 9.3;
				MTL_ENABLE_DEBUG_INFO = YES;
				ONLY_ACTIVE_ARCH = YES;
				SDKROOT = iphoneos;
			};
			name = Debug;
		};
		21D1DCF61CEAFB45001DE4DB /* Release */ = {
			isa = XCBuildConfiguration;
			buildSettings = {
				ALWAYS_SEARCH_USER_PATHS = NO;
				CLANG_ANALYZER_NONNULL = YES;
				CLANG_CXX_LANGUAGE_STANDARD = "gnu++0x";
				CLANG_CXX_LIBRARY = "libc++";
				CLANG_ENABLE_MODULES = YES;
				CLANG_ENABLE_OBJC_ARC = YES;
				CLANG_WARN_BOOL_CONVERSION = YES;
				CLANG_WARN_CONSTANT_CONVERSION = YES;
				CLANG_WARN_DIRECT_OBJC_ISA_USAGE = YES_ERROR;
				CLANG_WARN_EMPTY_BODY = YES;
				CLANG_WARN_ENUM_CONVERSION = YES;
				CLANG_WARN_INT_CONVERSION = YES;
				CLANG_WARN_OBJC_ROOT_CLASS = YES_ERROR;
				CLANG_WARN_UNREACHABLE_CODE = YES;
				CLANG_WARN__DUPLICATE_METHOD_MATCH = YES;
				"CODE_SIGN_IDENTITY[sdk=iphoneos*]" = "iPhone Developer";
				COPY_PHASE_STRIP = NO;
				DEBUG_INFORMATION_FORMAT = "dwarf-with-dsym";
				ENABLE_NS_ASSERTIONS = NO;
				ENABLE_STRICT_OBJC_MSGSEND = YES;
				GCC_C_LANGUAGE_STANDARD = gnu99;
				GCC_NO_COMMON_BLOCKS = YES;
				GCC_WARN_64_TO_32_BIT_CONVERSION = YES;
				GCC_WARN_ABOUT_RETURN_TYPE = YES_ERROR;
				GCC_WARN_UNDECLARED_SELECTOR = YES;
				GCC_WARN_UNINITIALIZED_AUTOS = YES_AGGRESSIVE;
				GCC_WARN_UNUSED_FUNCTION = YES;
				GCC_WARN_UNUSED_VARIABLE = YES;
				IPHONEOS_DEPLOYMENT_TARGET = 9.3;
				MTL_ENABLE_DEBUG_INFO = NO;
				SDKROOT = iphoneos;
				VALIDATE_PRODUCT = YES;
			};
			name = Release;
		};
		21D1DCF81CEAFB45001DE4DB /* Debug */ = {
			isa = XCBuildConfiguration;
			buildSettings = {
				ASSETCATALOG_COMPILER_APPICON_NAME = AppIcon;
				GCC_PREFIX_HEADER = "$(SRCROOT)/1_MVVMDemo/Other/MVVMDemo.pch";
				INFOPLIST_FILE = 1_MVVMDemo/Info.plist;
				IPHONEOS_DEPLOYMENT_TARGET = 7.0;
				LD_RUNPATH_SEARCH_PATHS = "$(inherited) @executable_path/Frameworks";
				PRODUCT_BUNDLE_IDENTIFIER = "J1.--MVVMDemo";
				PRODUCT_NAME = "$(TARGET_NAME)";
			};
			name = Debug;
		};
		21D1DCF91CEAFB45001DE4DB /* Release */ = {
			isa = XCBuildConfiguration;
			buildSettings = {
				ASSETCATALOG_COMPILER_APPICON_NAME = AppIcon;
				GCC_PREFIX_HEADER = "$(SRCROOT)/1_MVVMDemo/Other/MVVMDemo.pch";
				INFOPLIST_FILE = 1_MVVMDemo/Info.plist;
				IPHONEOS_DEPLOYMENT_TARGET = 7.0;
				LD_RUNPATH_SEARCH_PATHS = "$(inherited) @executable_path/Frameworks";
				PRODUCT_BUNDLE_IDENTIFIER = "J1.--MVVMDemo";
				PRODUCT_NAME = "$(TARGET_NAME)";
			};
			name = Release;
		};
/* End XCBuildConfiguration section */

/* Begin XCConfigurationList section */
		21D1DCDB1CEAFB45001DE4DB /* Build configuration list for PBXProject "1_MVVMDemo" */ = {
			isa = XCConfigurationList;
			buildConfigurations = (
				21D1DCF51CEAFB45001DE4DB /* Debug */,
				21D1DCF61CEAFB45001DE4DB /* Release */,
			);
			defaultConfigurationIsVisible = 0;
			defaultConfigurationName = Release;
		};
		21D1DCF71CEAFB45001DE4DB /* Build configuration list for PBXNativeTarget "1_MVVMDemo" */ = {
			isa = XCConfigurationList;
			buildConfigurations = (
				21D1DCF81CEAFB45001DE4DB /* Debug */,
				21D1DCF91CEAFB45001DE4DB /* Release */,
			);
			defaultConfigurationIsVisible = 0;
		};
/* End XCConfigurationList section */
	};
	rootObject = 21D1DCD81CEAFB45001DE4DB /* Project object */;
}
